{
  "version": "3",
  "remote": {
    "https://edge.netlify.com/": "ff84a16f192fdb43db8b9dff869889f555c05857d075044d2a7cfa54c283a0a0",
    "https://edge.netlify.com/bootstrap/config.ts": "0aa0a225d978b89e0e62cbd853701605199e7a84095e55eeb70147faf1a24803",
    "https://edge.netlify.com/bootstrap/context.ts": "f8392d0bfc4a345f0508157a9ed1a8b0ac832275e5ae6fe9301a8268fbfeb0b5",
    "https://edge.netlify.com/bootstrap/cookie.ts": "8b0baae708989ca183c6f3b4ab3d029e6abcbc2e43f93edeb0ff447b3bbc3a05",
    "https://edge.netlify.com/bootstrap/edge_function.ts": "b8253e86aa83c67341f5cfedeba5049d77fbf84dcab7eceff7566b7728ae9b39",
    "https://edge.netlify.com/bootstrap/globals.ts": "38f9e0be6c2c78206bf14d2387d41964d38bbe81644b3668e203c6f6473408a7"
  },
  "workspace": {
    "packageJson": {
      "dependencies": [
        "npm:@emotion/react@^11.11.4",
        "npm:@emotion/styled@^11.11.5",
        "npm:@heroicons/react@^2.1.3",
        "npm:@mui/base@^5.0.0-beta.40",
        "npm:@mui/icons-material@^5.15.17",
        "npm:@mui/material@^5.15.18",
        "npm:@nextui-org/input@^2.1.21",
        "npm:@nextui-org/react@^2.3.6",
        "npm:@nextui-org/system@^2.1.2",
        "npm:@nextui-org/theme@^2.2.3",
        "npm:@prisma/client@^5.14.0",
        "npm:@radix-ui/react-accordion@^1.1.2",
        "npm:@radix-ui/react-avatar@^1.0.4",
        "npm:@radix-ui/react-dialog@^1.0.5",
        "npm:@radix-ui/react-label@^2.0.2",
        "npm:@radix-ui/react-popover@^1.0.7",
        "npm:@radix-ui/react-scroll-area@^1.0.5",
        "npm:@radix-ui/react-select@^2.0.0",
        "npm:@radix-ui/react-slot@^1.0.2",
        "npm:@radix-ui/react-switch@^1.0.3",
        "npm:@radix-ui/react-tabs@^1.0.4",
        "npm:@radix-ui/react-toast@^1.1.5",
        "npm:@tailwindcss/typography@^0.5.13",
        "npm:@types/js-cookie@^3.0.6",
        "npm:@types/node-fetch@^2.6.11",
        "npm:@types/node@^20",
        "npm:@types/react-dom@^18",
        "npm:@types/react@^18",
        "npm:axios@^1.7.2",
        "npm:class-variance-authority@^0.7.0",
        "npm:clsx@^2.1.1",
        "npm:country-flags-svg@^2.0.0-beta.1",
        "npm:date-fns@^3.6.0",
        "npm:eslint-config-next@14.2.3",
        "npm:eslint@^8",
        "npm:firebase@^10.12.1",
        "npm:framer-motion@^11.2.3",
        "npm:js-cookie@^3.0.5",
        "npm:lucide-react@^0.378.0",
        "npm:mongodb@^6.6.2",
        "npm:mongoose@^8.4.0",
        "npm:next-themes@^0.3.0",
        "npm:next@14.2.3",
        "npm:postcss@^8",
        "npm:prettier-plugin-prisma@^5.0.0",
        "npm:prisma@^5.14.0",
        "npm:react-day-picker@^8.10.1",
        "npm:react-dom@^18",
        "npm:react-firebase-hooks@^5.1.1",
        "npm:react-moving-text@^0.0.7",
        "npm:react-spinners@^0.13.8",
        "npm:react-time-ago@^7.3.3",
        "npm:react@^18",
        "npm:styled-components@^6.1.11",
        "npm:tailwind-merge@^2.3.0",
        "npm:tailwindcss-animate@^1.0.7",
        "npm:tailwindcss@^3.4.1",
        "npm:typescript@^5"
      ]
    }
  }
}
